// !$*UTF8*$!
{
	archiveVersion = 1;
	classes = {
	};
	objectVersion = 46;
	objects = {

/* Begin PBXBuildFile section */
		53F906B81ADF5B7A00C0862B /* main.m in Sources */ = {isa = PBXBuildFile; fileRef = 53F906B71ADF5B7A00C0862B /* main.m */; };
		53F906BB1ADF5B7A00C0862B /* AppDelegate.m in Sources */ = {isa = PBXBuildFile; fileRef = 53F906BA1ADF5B7A00C0862B /* AppDelegate.m */; };
		53F906BE1ADF5B7A00C0862B /* ViewController.m in Sources */ = {isa = PBXBuildFile; fileRef = 53F906BD1ADF5B7A00C0862B /* ViewController.m */; };
		53F906C11ADF5B7A00C0862B /* Main.storyboard in Resources */ = {isa = PBXBuildFile; fileRef = 53F906BF1ADF5B7A00C0862B /* Main.storyboard */; };
		53F906C31ADF5B7A00C0862B /* Images.xcassets in Resources */ = {isa = PBXBuildFile; fileRef = 53F906C21ADF5B7A00C0862B /* Images.xcassets */; };
		53F906C61ADF5B7A00C0862B /* LaunchScreen.xib in Resources */ = {isa = PBXBuildFile; fileRef = 53F906C41ADF5B7A00C0862B /* LaunchScreen.xib */; };
		53F906D21ADF5B7A00C0862B /* CircularProgressViewTests.m in Sources */ = {isa = PBXBuildFile; fileRef = 53F906D11ADF5B7A00C0862B /* CircularProgressViewTests.m */; };
		53F906DD1ADF5BB900C0862B /* CircularProgressView.m in Sources */ = {isa = PBXBuildFile; fileRef = 53F906DC1ADF5BB900C0862B /* CircularProgressView.m */; };
/* End PBXBuildFile section */

/* Begin PBXContainerItemProxy section */
		53F906CC1ADF5B7A00C0862B /* PBXContainerItemProxy */ = {
			isa = PBXContainerItemProxy;
			containerPortal = 53F906AA1ADF5B7A00C0862B /* Project object */;
			proxyType = 1;
			remoteGlobalIDString = 53F906B11ADF5B7A00C0862B;
			remoteInfo = CircularProgressView;
		};
/* End PBXContainerItemProxy section */

/* Begin PBXFileReference section */
		53F906B21ADF5B7A00C0862B /* CircularProgressView.app */ = {isa = PBXFileReference; explicitFileType = wrapper.application; includeInIndex = 0; path = CircularProgressView.app; sourceTree = BUILT_PRODUCTS_DIR; };
		53F906B61ADF5B7A00C0862B /* Info.plist */ = {isa = PBXFileReference; lastKnownFileType = text.plist.xml; path = Info.plist; sourceTree = "<group>"; };
		53F906B71ADF5B7A00C0862B /* main.m */ = {isa = PBXFileReference; lastKnownFileType = sourcecode.c.objc; path = main.m; sourceTree = "<group>"; };
		53F906B91ADF5B7A00C0862B /* AppDelegate.h */ = {isa = PBXFileReference; lastKnownFileType = sourcecode.c.h; path = AppDelegate.h; sourceTree = "<group>"; };
		53F906BA1ADF5B7A00C0862B /* AppDelegate.m */ = {isa = PBXFileReference; lastKnownFileType = sourcecode.c.objc; path = AppDelegate.m; sourceTree = "<group>"; };
		53F906BC1ADF5B7A00C0862B /* ViewController.h */ = {isa = PBXFileReference; lastKnownFileType = sourcecode.c.h; path = ViewController.h; sourceTree = "<group>"; };
		53F906BD1ADF5B7A00C0862B /* ViewController.m */ = {isa = PBXFileReference; lastKnownFileType = sourcecode.c.objc; path = ViewController.m; sourceTree = "<group>"; };
		53F906C01ADF5B7A00C0862B /* Base */ = {isa = PBXFileReference; lastKnownFileType = file.storyboard; name = Base; path = Base.lproj/Main.storyboard; sourceTree = "<group>"; };
		53F906C21ADF5B7A00C0862B /* Images.xcassets */ = {isa = PBXFileReference; lastKnownFileType = folder.assetcatalog; path = Images.xcassets; sourceTree = "<group>"; };
		53F906C51ADF5B7A00C0862B /* Base */ = {isa = PBXFileReference; lastKnownFileType = file.xib; name = Base; path = Base.lproj/LaunchScreen.xib; sourceTree = "<group>"; };
		53F906CB1ADF5B7A00C0862B /* CircularProgressViewTests.xctest */ = {isa = PBXFileReference; explicitFileType = wrapper.cfbundle; includeInIndex = 0; path = CircularProgressViewTests.xctest; sourceTree = BUILT_PRODUCTS_DIR; };
		53F906D01ADF5B7A00C0862B /* Info.plist */ = {isa = PBXFileReference; lastKnownFileType = text.plist.xml; path = Info.plist; sourceTree = "<group>"; };
		53F906D11ADF5B7A00C0862B /* CircularProgressViewTests.m */ = {isa = PBXFileReference; lastKnownFileType = sourcecode.c.objc; path = CircularProgressViewTests.m; sourceTree = "<group>"; };
		53F906DB1ADF5BB900C0862B /* CircularProgressView.h */ = {isa = PBXFileReference; fileEncoding = 4; lastKnownFileType = sourcecode.c.h; path = CircularProgressView.h; sourceTree = "<group>"; };
		53F906DC1ADF5BB900C0862B /* CircularProgressView.m */ = {isa = PBXFileReference; fileEncoding = 4; lastKnownFileType = sourcecode.c.objc; path = CircularProgressView.m; sourceTree = "<group>"; };
/* End PBXFileReference section */

/* Begin PBXFrameworksBuildPhase section */
		53F906AF1ADF5B7A00C0862B /* Frameworks */ = {
			isa = PBXFrameworksBuildPhase;
			buildActionMask = 2147483647;
			files = (
			);
			runOnlyForDeploymentPostprocessing = 0;
		};
		53F906C81ADF5B7A00C0862B /* Frameworks */ = {
			isa = PBXFrameworksBuildPhase;
			buildActionMask = 2147483647;
			files = (
			);
			runOnlyForDeploymentPostprocessing = 0;
		};
/* End PBXFrameworksBuildPhase section */

/* Begin PBXGroup section */
		53F906A91ADF5B7A00C0862B = {
			isa = PBXGroup;
			children = (
				53F906B41ADF5B7A00C0862B /* CircularProgressView */,
				53F906CE1ADF5B7A00C0862B /* CircularProgressViewTests */,
				53F906B31ADF5B7A00C0862B /* Products */,
			);
			sourceTree = "<group>";
		};
		53F906B31ADF5B7A00C0862B /* Products */ = {
			isa = PBXGroup;
			children = (
				53F906B21ADF5B7A00C0862B /* CircularProgressView.app */,
				53F906CB1ADF5B7A00C0862B /* CircularProgressViewTests.xctest */,
			);
			name = Products;
			sourceTree = "<group>";
		};
		53F906B41ADF5B7A00C0862B /* CircularProgressView */ = {
			isa = PBXGroup;
			children = (
				53F906B91ADF5B7A00C0862B /* AppDelegate.h */,
				53F906BA1ADF5B7A00C0862B /* AppDelegate.m */,
				53F906BC1ADF5B7A00C0862B /* ViewController.h */,
				53F906BD1ADF5B7A00C0862B /* ViewController.m */,
				53F906BF1ADF5B7A00C0862B /* Main.storyboard */,
				53F906C21ADF5B7A00C0862B /* Images.xcassets */,
				53F906C41ADF5B7A00C0862B /* LaunchScreen.xib */,
				53F906B51ADF5B7A00C0862B /* Supporting Files */,
				53F906DB1ADF5BB900C0862B /* CircularProgressView.h */,
				53F906DC1ADF5BB900C0862B /* CircularProgressView.m */,
			);
			path = CircularProgressView;
			sourceTree = "<group>";
		};
		53F906B51ADF5B7A00C0862B /* Supporting Files */ = {
			isa = PBXGroup;
			children = (
				53F906B61ADF5B7A00C0862B /* Info.plist */,
				53F906B71ADF5B7A00C0862B /* main.m */,
			);
			name = "Supporting Files";
			sourceTree = "<group>";
		};
		53F906CE1ADF5B7A00C0862B /* CircularProgressViewTests */ = {
			isa = PBXGroup;
			children = (
				53F906D11ADF5B7A00C0862B /* CircularProgressViewTests.m */,
				53F906CF1ADF5B7A00C0862B /* Supporting Files */,
			);
			path = CircularProgressViewTests;
			sourceTree = "<group>";
		};
		53F906CF1ADF5B7A00C0862B /* Supporting Files */ = {
			isa = PBXGroup;
			children = (
				53F906D01ADF5B7A00C0862B /* Info.plist */,
			);
			name = "Supporting Files";
			sourceTree = "<group>";
		};
/* End PBXGroup section */

/* Begin PBXNativeTarget section */
		53F906B11ADF5B7A00C0862B /* CircularProgressView */ = {
			isa = PBXNativeTarget;
			buildConfigurationList = 53F906D51ADF5B7A00C0862B /* Build configuration list for PBXNativeTarget "CircularProgressView" */;
			buildPhases = (
				53F906AE1ADF5B7A00C0862B /* Sources */,
				53F906AF1ADF5B7A00C0862B /* Frameworks */,
				53F906B01ADF5B7A00C0862B /* Resources */,
			);
			buildRules = (
			);
			dependencies = (
			);
			name = CircularProgressView;
			productName = CircularProgressView;
			productReference = 53F906B21ADF5B7A00C0862B /* CircularProgressView.app */;
			productType = "com.apple.product-type.application";
		};
		53F906CA1ADF5B7A00C0862B /* CircularProgressViewTests */ = {
			isa = PBXNativeTarget;
			buildConfigurationList = 53F906D81ADF5B7A00C0862B /* Build configuration list for PBXNativeTarget "CircularProgressViewTests" */;
			buildPhases = (
				53F906C71ADF5B7A00C0862B /* Sources */,
				53F906C81ADF5B7A00C0862B /* Frameworks */,
				53F906C91ADF5B7A00C0862B /* Resources */,
			);
			buildRules = (
			);
			dependencies = (
				53F906CD1ADF5B7A00C0862B /* PBXTargetDependency */,
			);
			name = CircularProgressViewTests;
			productName = CircularProgressViewTests;
			productReference = 53F906CB1ADF5B7A00C0862B /* CircularProgressViewTests.xctest */;
			productType = "com.apple.product-type.bundle.unit-test";
		};
/* End PBXNativeTarget section */

/* Begin PBXProject section */
		53F906AA1ADF5B7A00C0862B /* Project object */ = {
			isa = PBXProject;
			attributes = {
				LastUpgradeCheck = 0630;
				ORGANIZATIONNAME = "Felix Wu";
				TargetAttributes = {
					53F906B11ADF5B7A00C0862B = {
						CreatedOnToolsVersion = 6.3;
					};
					53F906CA1ADF5B7A00C0862B = {
						CreatedOnToolsVersion = 6.3;
						TestTargetID = 53F906B11ADF5B7A00C0862B;
					};
				};
			};
			buildConfigurationList = 53F906AD1ADF5B7A00C0862B /* Build configuration list for PBXProject "CircularProgressView" */;
			compatibilityVersion = "Xcode 3.2";
			developmentRegion = English;
			hasScannedForEncodings = 0;
			knownRegions = (
				en,
				Base,
			);
			mainGroup = 53F906A91ADF5B7A00C0862B;
			productRefGroup = 53F906B31ADF5B7A00C0862B /* Products */;
			projectDirPath = "";
			projectRoot = "";
			targets = (
				53F906B11ADF5B7A00C0862B /* CircularProgressView */,
				53F906CA1ADF5B7A00C0862B /* CircularProgressViewTests */,
			);
		};
/* End PBXProject section */

/* Begin PBXResourcesBuildPhase section */
		53F906B01ADF5B7A00C0862B /* Resources */ = {
			isa = PBXResourcesBuildPhase;
			buildActionMask = 2147483647;
			files = (
				53F906C11ADF5B7A00C0862B /* Main.storyboard in Resources */,
				53F906C61ADF5B7A00C0862B /* LaunchScreen.xib in Resources */,
				53F906C31ADF5B7A00C0862B /* Images.xcassets in Resources */,
			);
			runOnlyForDeploymentPostprocessing = 0;
		};
		53F906C91ADF5B7A00C0862B /* Resources */ = {
			isa = PBXResourcesBuildPhase;
			buildActionMask = 2147483647;
			files = (
			);
			runOnlyForDeploymentPostprocessing = 0;
		};
/* End PBXResourcesBuildPhase section */

/* Begin PBXSourcesBuildPhase section */
		53F906AE1ADF5B7A00C0862B /* Sources */ = {
			isa = PBXSourcesBuildPhase;
			buildActionMask = 2147483647;
			files = (
				53F906BE1ADF5B7A00C0862B /* ViewController.m in Sources */,
				53F906BB1ADF5B7A00C0862B /* AppDelegate.m in Sources */,
				53F906DD1ADF5BB900C0862B /* CircularProgressView.m in Sources */,
				53F906B81ADF5B7A00C0862B /* main.m in Sources */,
			);
			runOnlyForDeploymentPostprocessing = 0;
		};
		53F906C71ADF5B7A00C0862B /* Sources */ = {
			isa = PBXSourcesBuildPhase;
			buildActionMask = 2147483647;
			files = (
				53F906D21ADF5B7A00C0862B /* CircularProgressViewTests.m in Sources */,
			);
			runOnlyForDeploymentPostprocessing = 0;
		};
/* End PBXSourcesBuildPhase section */

/* Begin PBXTargetDependency section */
		53F906CD1ADF5B7A00C0862B /* PBXTargetDependency */ = {
			isa = PBXTargetDependency;
			target = 53F906B11ADF5B7A00C0862B /* CircularProgressView */;
			targetProxy = 53F906CC1ADF5B7A00C0862B /* PBXContainerItemProxy */;
		};
/* End PBXTargetDependency section */

/* Begin PBXVariantGroup section */
		53F906BF1ADF5B7A00C0862B /* Main.storyboard */ = {
			isa = PBXVariantGroup;
			children = (
				53F906C01ADF5B7A00C0862B /* Base */,
			);
			name = Main.storyboard;
			sourceTree = "<group>";
		};
		53F906C41ADF5B7A00C0862B /* LaunchScreen.xib */ = {
			isa = PBXVariantGroup;
			children = (
				53F906C51ADF5B7A00C0862B /* Base */,
			);
			name = LaunchScreen.xib;
			sourceTree = "<group>";
		};
/* End PBXVariantGroup section */

/* Begin XCBuildConfiguration section */
		53F906D31ADF5B7A00C0862B /* Debug */ = {
			isa = XCBuildConfiguration;
			buildSettings = {
				ALWAYS_SEARCH_USER_PATHS = NO;
				CLANG_CXX_LANGUAGE_STANDARD = "gnu++0x";
				CLANG_CXX_LIBRARY = "libc++";
				CLANG_ENABLE_MODULES = YES;
				CLANG_ENABLE_OBJC_ARC = YES;
				CLANG_WARN_BOOL_CONVERSION = YES;
				CLANG_WARN_CONSTANT_CONVERSION = YES;
				CLANG_WARN_DIRECT_OBJC_ISA_USAGE = YES_ERROR;
				CLANG_WARN_EMPTY_BODY = YES;
				CLANG_WARN_ENUM_CONVERSION = YES;
				CLANG_WARN_INT_CONVERSION = YES;
				CLANG_WARN_OBJC_ROOT_CLASS = YES_ERROR;
				CLANG_WARN_UNREACHABLE_CODE = YES;
				CLANG_WARN__DUPLICATE_METHOD_MATCH = YES;
				"CODE_SIGN_IDENTITY[sdk=iphoneos*]" = "iPhone Developer";
				COPY_PHASE_STRIP = NO;
				DEBUG_INFORMATION_FORMAT = "dwarf-with-dsym";
				ENABLE_STRICT_OBJC_MSGSEND = YES;
				GCC_C_LANGUAGE_STANDARD = gnu99;
				GCC_DYNAMIC_NO_PIC = NO;
				GCC_NO_COMMON_BLOCKS = YES;
				GCC_OPTIMIZATION_LEVEL = 0;
				GCC_PREPROCESSOR_DEFINITIONS = (
					"DEBUG=1",
					"$(inherited)",
				);
				GCC_SYMBOLS_PRIVATE_EXTERN = NO;
				GCC_WARN_64_TO_32_BIT_CONVERSION = YES;
				GCC_WARN_ABOUT_RETURN_TYPE = YES_ERROR;
				GCC_WARN_UNDECLARED_SELECTOR = YES;
				GCC_WARN_UNINITIALIZED_AUTOS = YES_AGGRESSIVE;
				GCC_WARN_UNUSED_FUNCTION = YES;
				GCC_WARN_UNUSED_VARIABLE = YES;
				IPHONEOS_DEPLOYMENT_TARGET = 8.3;
				MTL_ENABLE_DEBUG_INFO = YES;
				ONLY_ACTIVE_ARCH = YES;
				SDKROOT = iphoneos;
			};
			name = Debug;
		};
		53F906D41ADF5B7A00C0862B /* Release */ = {
			isa = XCBuildConfiguration;
			buildSettings = {
				ALWAYS_SEARCH_USER_PATHS = NO;
				CLANG_CXX_LANGUAGE_STANDARD = "gnu++0x";
				CLANG_CXX_LIBRARY = "libc++";
				CLANG_ENABLE_MODULES = YES;
				CLANG_ENABLE_OBJC_ARC = YES;
				CLANG_WARN_BOOL_CONVERSION = YES;
				CLANG_WARN_CONSTANT_CONVERSION = YES;
				CLANG_WARN_DIRECT_OBJC_ISA_USAGE = YES_ERROR;
				CLANG_WARN_EMPTY_BODY = YES;
				CLANG_WARN_ENUM_CONVERSION = YES;
				CLANG_WARN_INT_CONVERSION = YES;
				CLANG_WARN_OBJC_ROOT_CLASS = YES_ERROR;
				CLANG_WARN_UNREACHABLE_CODE = YES;
				CLANG_WARN__DUPLICATE_METHOD_MATCH = YES;
				"CODE_SIGN_IDENTITY[sdk=iphoneos*]" = "iPhone Developer";
				COPY_PHASE_STRIP = NO;
				DEBUG_INFORMATION_FORMAT = "dwarf-with-dsym";
				ENABLE_NS_ASSERTIONS = NO;
				ENABLE_STRICT_OBJC_MSGSEND = YES;
				GCC_C_LANGUAGE_STANDARD = gnu99;
				GCC_NO_COMMON_BLOCKS = YES;
				GCC_WARN_64_TO_32_BIT_CONVERSION = YES;
				GCC_WARN_ABOUT_RETURN_TYPE = YES_ERROR;
				GCC_WARN_UNDECLARED_SELECTOR = YES;
				GCC_WARN_UNINITIALIZED_AUTOS = YES_AGGRESSIVE;
				GCC_WARN_UNUSED_FUNCTION = YES;
				GCC_WARN_UNUSED_VARIABLE = YES;
				IPHONEOS_DEPLOYMENT_TARGET = 8.3;
				MTL_ENABLE_DEBUG_INFO = NO;
				SDKROOT = iphoneos;
				VALIDATE_PRODUCT = YES;
			};
			name = Release;
		};
		53F906D61ADF5B7A00C0862B /* Debug */ = {
			isa = XCBuildConfiguration;
			buildSettings = {
				ASSETCATALOG_COMPILER_APPICON_NAME = AppIcon;
				INFOPLIST_FILE = CircularProgressView/Info.plist;
				IPHONEOS_DEPLOYMENT_TARGET = 7.0;
				LD_RUNPATH_SEARCH_PATHS = "$(inherited) @executable_path/Frameworks";
				PRODUCT_NAME = "$(TARGET_NAME)";
			};
			name = Debug;
		};
		53F906D71ADF5B7A00C0862B /* Release */ = {
			isa = XCBuildConfiguration;
			buildSettings = {
				ASSETCATALOG_COMPILER_APPICON_NAME = AppIcon;
				INFOPLIST_FILE = CircularProgressView/Info.plist;
				IPHONEOS_DEPLOYMENT_TARGET = 7.0;
				LD_RUNPATH_SEARCH_PATHS = "$(inherited) @executable_path/Frameworks";
				PRODUCT_NAME = "$(TARGET_NAME)";
			};
			name = Release;
		};
		53F906D91ADF5B7A00C0862B /* Debug */ = {
			isa = XCBuildConfiguration;
			buildSettings = {
				BUNDLE_LOADER = "$(TEST_HOST)";
				FRAMEWORK_SEARCH_PATHS = (
					"$(SDKROOT)/Developer/Library/Frameworks",
					"$(inherited)",
				);
				GCC_PREPROCESSOR_DEFINITIONS = (
					"DEBUG=1",
					"$(inherited)",
				);
				INFOPLIST_FILE = CircularProgressViewTests/Info.plist;
				LD_RUNPATH_SEARCH_PATHS = "$(inherited) @executable_path/Frameworks @loader_path/Frameworks";
				PRODUCT_NAME = "$(TARGET_NAME)";
				TEST_HOST = "$(BUILT_PRODUCTS_DIR)/CircularProgressView.app/CircularProgressView";
			};
			name = Debug;
		};
		53F906DA1ADF5B7A00C0862B /* Release */ = {
			isa = XCBuildConfiguration;
			buildSettings = {
				BUNDLE_LOADER = "$(TEST_HOST)";
				FRAMEWORK_SEARCH_PATHS = (
					"$(SDKROOT)/Developer/Library/Frameworks",
					"$(inherited)",
				);
				INFOPLIST_FILE = CircularProgressViewTests/Info.plist;
				LD_RUNPATH_SEARCH_PATHS = "$(inherited) @executable_path/Frameworks @loader_path/Frameworks";
				PRODUCT_NAME = "$(TARGET_NAME)";
				TEST_HOST = "$(BUILT_PRODUCTS_DIR)/CircularProgressView.app/CircularProgressView";
			};
			name = Release;
		};
/* End XCBuildConfiguration section */

/* Begin XCConfigurationList section */
		53F906AD1ADF5B7A00C0862B /* Build configuration list for PBXProject "CircularProgressView" */ = {
			isa = XCConfigurationList;
			buildConfigurations = (
				53F906D31ADF5B7A00C0862B /* Debug */,
				53F906D41ADF5B7A00C0862B /* Release */,
			);
			defaultConfigurationIsVisible = 0;
			defaultConfigurationName = Release;
		};
		53F906D51ADF5B7A00C0862B /* Build configuration list for PBXNativeTarget "CircularProgressView" */ = {
			isa = XCConfigurationList;
			buildConfigurations = (
				53F906D61ADF5B7A00C0862B /* Debug */,
				53F906D71ADF5B7A00C0862B /* Release */,
			);
			defaultConfigurationIsVisible = 0;
		};
		53F906D81ADF5B7A00C0862B /* Build configuration list for PBXNativeTarget "CircularProgressViewTests" */ = {
			isa = XCConfigurationList;
			buildConfigurations = (
				53F906D91ADF5B7A00C0862B /* Debug */,
				53F906DA1ADF5B7A00C0862B /* Release */,
			);
			defaultConfigurationIsVisible = 0;
		};
/* End XCConfigurationList section */
	};
	rootObject = 53F906AA1ADF5B7A00C0862B /* Project object */;
}
